
Microsoft Visual Studio Solution File, Format Version 12.00
# Visual Studio Version 16
VisualStudioVersion = 16.0.29728.190
MinimumVisualStudioVersion = 10.0.40219.1
Project("{FAE04EC0-301F-11D3-BF4B-00C04F79EFBC}") = "VisualSorting", "VisualSorting\VisualSorting.csproj", "{469F9E10-80B0-43C3-8F65-F570421B3CB9}"
EndProject
Global
	GlobalSection(SolutionConfigurationPlatforms) = preSolution
		Debug|Any CPU = Debug|Any CPU
		Release|Any CPU = Release|Any CPU
	EndGlobalSection
	GlobalSection(ProjectConfigurationPlatforms) = postSolution
		{469F9E10-80B0-43C3-8F65-F570421B3CB9}.Debug|Any CPU.ActiveCfg = Debug|Any CPU
		{469F9E10-80B0-43C3-8F65-F570421B3CB9}.Debug|Any CPU.Build.0 = Debug|Any CPU
		{469F9E10-80B0-43C3-8F65-F570421B3CB9}.Release|Any CPU.ActiveCfg = Release|Any CPU
		{469F9E10-80B0-43C3-8F65-F570421B3CB9}.Release|Any CPU.Build.0 = Release|Any CPU
	EndGlobalSection
	GlobalSection(SolutionProperties) = preSolution
		HideSolutionNode = FALSE
	EndGlobalSection
	GlobalSection(ExtensibilityGlobals) = postSolution
		SolutionGuid = {B0B66335-FF9D-4A6E-ACE9-B440F0F2529C}
	EndGlobalSection
EndGlobal
